<?xml version="1.0" encoding="utf-8"?>
<Project ToolsVersion="14.0" xmlns="http://schemas.microsoft.com/developer/msbuild/2003">
  <ItemGroup>
    <ClCompile Include="E:\OpenSource\C++\Stitching\OpenPano-master\src\main.cc">
      <Filter>Source Files</Filter>
    </ClCompile>
  </ItemGroup>
  <ItemGroup>
    <CustomBuild Include="E:\OpenSource\C++\Stitching\OpenPano-master\src\CMakeLists.txt" />
  </ItemGroup>
  <ItemGroup>
    <Filter Include="Source Files">
      <UniqueIdentifier>{91226FD7-A8D4-3261-90C6-1A7CD7CC6E16}</UniqueIdentifier>
    </Filter>
  </ItemGroup>
</Project>
