
Microsoft Visual Studio Solution File, Format Version 12.00
# Visual Studio 14
VisualStudioVersion = 14.0.25420.1
MinimumVisualStudioVersion = 10.0.40219.1
Project("{8BC9CEB8-8B4A-11D0-8D11-00A0C91BC942}") = "ALL_BUILD", "ALL_BUILD.vcxproj", "{59065965-FC3C-3187-9FA5-D0B786B86132}"
	ProjectSection(ProjectDependencies) = postProject
		{2770657F-7B4E-3A6D-AEFE-607997D3C2A9} = {2770657F-7B4E-3A6D-AEFE-607997D3C2A9}
		{577A4805-9A11-378B-ABAF-D980D5AAED8B} = {577A4805-9A11-378B-ABAF-D980D5AAED8B}
		{FBF5D52F-DD06-303B-8646-FD673A816EE1} = {FBF5D52F-DD06-303B-8646-FD673A816EE1}
		{DC43EE46-8D51-3883-955B-2C2E371312E1} = {DC43EE46-8D51-3883-955B-2C2E371312E1}
	EndProjectSection
EndProject
Project("{8BC9CEB8-8B4A-11D0-8D11-00A0C91BC942}") = "ZERO_CHECK", "ZERO_CHECK.vcxproj", "{2770657F-7B4E-3A6D-AEFE-607997D3C2A9}"
EndProject
Project("{8BC9CEB8-8B4A-11D0-8D11-00A0C91BC942}") = "image-stitching", "image-stitching.vcxproj", "{577A4805-9A11-378B-ABAF-D980D5AAED8B}"
	ProjectSection(ProjectDependencies) = postProject
		{2770657F-7B4E-3A6D-AEFE-607997D3C2A9} = {2770657F-7B4E-3A6D-AEFE-607997D3C2A9}
		{FBF5D52F-DD06-303B-8646-FD673A816EE1} = {FBF5D52F-DD06-303B-8646-FD673A816EE1}
		{DC43EE46-8D51-3883-955B-2C2E371312E1} = {DC43EE46-8D51-3883-955B-2C2E371312E1}
	EndProjectSection
EndProject
Project("{8BC9CEB8-8B4A-11D0-8D11-00A0C91BC942}") = "lodepng", "third-party\lodepng.vcxproj", "{FBF5D52F-DD06-303B-8646-FD673A816EE1}"
	ProjectSection(ProjectDependencies) = postProject
		{2770657F-7B4E-3A6D-AEFE-607997D3C2A9} = {2770657F-7B4E-3A6D-AEFE-607997D3C2A9}
	EndProjectSection
EndProject
Project("{8BC9CEB8-8B4A-11D0-8D11-00A0C91BC942}") = "openpano", "openpano.vcxproj", "{DC43EE46-8D51-3883-955B-2C2E371312E1}"
	ProjectSection(ProjectDependencies) = postProject
		{2770657F-7B4E-3A6D-AEFE-607997D3C2A9} = {2770657F-7B4E-3A6D-AEFE-607997D3C2A9}
		{FBF5D52F-DD06-303B-8646-FD673A816EE1} = {FBF5D52F-DD06-303B-8646-FD673A816EE1}
	EndProjectSection
EndProject
Global
	GlobalSection(SolutionConfigurationPlatforms) = preSolution
		Debug|Win32 = Debug|Win32
		Debug|x64 = Debug|x64
		MinSizeRel|Win32 = MinSizeRel|Win32
		MinSizeRel|x64 = MinSizeRel|x64
		Release|Win32 = Release|Win32
		Release|x64 = Release|x64
		RelWithDebInfo|Win32 = RelWithDebInfo|Win32
		RelWithDebInfo|x64 = RelWithDebInfo|x64
	EndGlobalSection
	GlobalSection(ProjectConfigurationPlatforms) = postSolution
		{59065965-FC3C-3187-9FA5-D0B786B86132}.Debug|Win32.ActiveCfg = Debug|Win32
		{59065965-FC3C-3187-9FA5-D0B786B86132}.Debug|x64.ActiveCfg = Debug|x64
		{59065965-FC3C-3187-9FA5-D0B786B86132}.MinSizeRel|Win32.ActiveCfg = MinSizeRel|Win32
		{59065965-FC3C-3187-9FA5-D0B786B86132}.MinSizeRel|x64.ActiveCfg = MinSizeRel|x64
		{59065965-FC3C-3187-9FA5-D0B786B86132}.Release|Win32.ActiveCfg = Release|Win32
		{59065965-FC3C-3187-9FA5-D0B786B86132}.Release|x64.ActiveCfg = Release|x64
		{59065965-FC3C-3187-9FA5-D0B786B86132}.RelWithDebInfo|Win32.ActiveCfg = RelWithDebInfo|Win32
		{59065965-FC3C-3187-9FA5-D0B786B86132}.RelWithDebInfo|x64.ActiveCfg = RelWithDebInfo|x64
		{2770657F-7B4E-3A6D-AEFE-607997D3C2A9}.Debug|Win32.ActiveCfg = Debug|Win32
		{2770657F-7B4E-3A6D-AEFE-607997D3C2A9}.Debug|Win32.Build.0 = Debug|Win32
		{2770657F-7B4E-3A6D-AEFE-607997D3C2A9}.Debug|x64.ActiveCfg = Debug|x64
		{2770657F-7B4E-3A6D-AEFE-607997D3C2A9}.Debug|x64.Build.0 = Debug|x64
		{2770657F-7B4E-3A6D-AEFE-607997D3C2A9}.MinSizeRel|Win32.ActiveCfg = MinSizeRel|Win32
		{2770657F-7B4E-3A6D-AEFE-607997D3C2A9}.MinSizeRel|Win32.Build.0 = MinSizeRel|Win32
		{2770657F-7B4E-3A6D-AEFE-607997D3C2A9}.MinSizeRel|x64.ActiveCfg = MinSizeRel|x64
		{2770657F-7B4E-3A6D-AEFE-607997D3C2A9}.MinSizeRel|x64.Build.0 = MinSizeRel|x64
		{2770657F-7B4E-3A6D-AEFE-607997D3C2A9}.Release|Win32.ActiveCfg = Release|Win32
		{2770657F-7B4E-3A6D-AEFE-607997D3C2A9}.Release|Win32.Build.0 = Release|Win32
		{2770657F-7B4E-3A6D-AEFE-607997D3C2A9}.Release|x64.ActiveCfg = Release|x64
		{2770657F-7B4E-3A6D-AEFE-607997D3C2A9}.Release|x64.Build.0 = Release|x64
		{2770657F-7B4E-3A6D-AEFE-607997D3C2A9}.RelWithDebInfo|Win32.ActiveCfg = RelWithDebInfo|Win32
		{2770657F-7B4E-3A6D-AEFE-607997D3C2A9}.RelWithDebInfo|Win32.Build.0 = RelWithDebInfo|Win32
		{2770657F-7B4E-3A6D-AEFE-607997D3C2A9}.RelWithDebInfo|x64.ActiveCfg = RelWithDebInfo|x64
		{2770657F-7B4E-3A6D-AEFE-607997D3C2A9}.RelWithDebInfo|x64.Build.0 = RelWithDebInfo|x64
		{577A4805-9A11-378B-ABAF-D980D5AAED8B}.Debug|Win32.ActiveCfg = Debug|Win32
		{577A4805-9A11-378B-ABAF-D980D5AAED8B}.Debug|Win32.Build.0 = Debug|Win32
		{577A4805-9A11-378B-ABAF-D980D5AAED8B}.Debug|x64.ActiveCfg = Debug|x64
		{577A4805-9A11-378B-ABAF-D980D5AAED8B}.Debug|x64.Build.0 = Debug|x64
		{577A4805-9A11-378B-ABAF-D980D5AAED8B}.MinSizeRel|Win32.ActiveCfg = MinSizeRel|Win32
		{577A4805-9A11-378B-ABAF-D980D5AAED8B}.MinSizeRel|Win32.Build.0 = MinSizeRel|Win32
		{577A4805-9A11-378B-ABAF-D980D5AAED8B}.MinSizeRel|x64.ActiveCfg = MinSizeRel|x64
		{577A4805-9A11-378B-ABAF-D980D5AAED8B}.MinSizeRel|x64.Build.0 = MinSizeRel|x64
		{577A4805-9A11-378B-ABAF-D980D5AAED8B}.Release|Win32.ActiveCfg = Release|Win32
		{577A4805-9A11-378B-ABAF-D980D5AAED8B}.Release|Win32.Build.0 = Release|Win32
		{577A4805-9A11-378B-ABAF-D980D5AAED8B}.Release|x64.ActiveCfg = Release|x64
		{577A4805-9A11-378B-ABAF-D980D5AAED8B}.Release|x64.Build.0 = Release|x64
		{577A4805-9A11-378B-ABAF-D980D5AAED8B}.RelWithDebInfo|Win32.ActiveCfg = RelWithDebInfo|Win32
		{577A4805-9A11-378B-ABAF-D980D5AAED8B}.RelWithDebInfo|Win32.Build.0 = RelWithDebInfo|Win32
		{577A4805-9A11-378B-ABAF-D980D5AAED8B}.RelWithDebInfo|x64.ActiveCfg = RelWithDebInfo|x64
		{577A4805-9A11-378B-ABAF-D980D5AAED8B}.RelWithDebInfo|x64.Build.0 = RelWithDebInfo|x64
		{FBF5D52F-DD06-303B-8646-FD673A816EE1}.Debug|Win32.ActiveCfg = Debug|Win32
		{FBF5D52F-DD06-303B-8646-FD673A816EE1}.Debug|Win32.Build.0 = Debug|Win32
		{FBF5D52F-DD06-303B-8646-FD673A816EE1}.Debug|x64.ActiveCfg = Debug|x64
		{FBF5D52F-DD06-303B-8646-FD673A816EE1}.Debug|x64.Build.0 = Debug|x64
		{FBF5D52F-DD06-303B-8646-FD673A816EE1}.MinSizeRel|Win32.ActiveCfg = MinSizeRel|Win32
		{FBF5D52F-DD06-303B-8646-FD673A816EE1}.MinSizeRel|Win32.Build.0 = MinSizeRel|Win32
		{FBF5D52F-DD06-303B-8646-FD673A816EE1}.MinSizeRel|x64.ActiveCfg = MinSizeRel|x64
		{FBF5D52F-DD06-303B-8646-FD673A816EE1}.MinSizeRel|x64.Build.0 = MinSizeRel|x64
		{FBF5D52F-DD06-303B-8646-FD673A816EE1}.Release|Win32.ActiveCfg = Release|Win32
		{FBF5D52F-DD06-303B-8646-FD673A816EE1}.Release|Win32.Build.0 = Release|Win32
		{FBF5D52F-DD06-303B-8646-FD673A816EE1}.Release|x64.ActiveCfg = Release|x64
		{FBF5D52F-DD06-303B-8646-FD673A816EE1}.Release|x64.Build.0 = Release|x64
		{FBF5D52F-DD06-303B-8646-FD673A816EE1}.RelWithDebInfo|Win32.ActiveCfg = RelWithDebInfo|Win32
		{FBF5D52F-DD06-303B-8646-FD673A816EE1}.RelWithDebInfo|Win32.Build.0 = RelWithDebInfo|Win32
		{FBF5D52F-DD06-303B-8646-FD673A816EE1}.RelWithDebInfo|x64.ActiveCfg = RelWithDebInfo|x64
		{FBF5D52F-DD06-303B-8646-FD673A816EE1}.RelWithDebInfo|x64.Build.0 = RelWithDebInfo|x64
		{DC43EE46-8D51-3883-955B-2C2E371312E1}.Debug|Win32.ActiveCfg = Debug|Win32
		{DC43EE46-8D51-3883-955B-2C2E371312E1}.Debug|Win32.Build.0 = Debug|Win32
		{DC43EE46-8D51-3883-955B-2C2E371312E1}.Debug|x64.ActiveCfg = Debug|x64
		{DC43EE46-8D51-3883-955B-2C2E371312E1}.Debug|x64.Build.0 = Debug|x64
		{DC43EE46-8D51-3883-955B-2C2E371312E1}.MinSizeRel|Win32.ActiveCfg = MinSizeRel|Win32
		{DC43EE46-8D51-3883-955B-2C2E371312E1}.MinSizeRel|Win32.Build.0 = MinSizeRel|Win32
		{DC43EE46-8D51-3883-955B-2C2E371312E1}.MinSizeRel|x64.ActiveCfg = MinSizeRel|x64
		{DC43EE46-8D51-3883-955B-2C2E371312E1}.MinSizeRel|x64.Build.0 = MinSizeRel|x64
		{DC43EE46-8D51-3883-955B-2C2E371312E1}.Release|Win32.ActiveCfg = Release|Win32
		{DC43EE46-8D51-3883-955B-2C2E371312E1}.Release|Win32.Build.0 = Release|Win32
		{DC43EE46-8D51-3883-955B-2C2E371312E1}.Release|x64.ActiveCfg = Release|x64
		{DC43EE46-8D51-3883-955B-2C2E371312E1}.Release|x64.Build.0 = Release|x64
		{DC43EE46-8D51-3883-955B-2C2E371312E1}.RelWithDebInfo|Win32.ActiveCfg = RelWithDebInfo|Win32
		{DC43EE46-8D51-3883-955B-2C2E371312E1}.RelWithDebInfo|Win32.Build.0 = RelWithDebInfo|Win32
		{DC43EE46-8D51-3883-955B-2C2E371312E1}.RelWithDebInfo|x64.ActiveCfg = RelWithDebInfo|x64
		{DC43EE46-8D51-3883-955B-2C2E371312E1}.RelWithDebInfo|x64.Build.0 = RelWithDebInfo|x64
	EndGlobalSection
	GlobalSection(SolutionProperties) = preSolution
		HideSolutionNode = FALSE
	EndGlobalSection
	GlobalSection(ExtensibilityGlobals) = postSolution
		SolutionGuid = {EF44E8DF-34A1-3055-B7C2-EA85D239A9D3}
	EndGlobalSection
EndGlobal
